
Microsoft Visual Studio Solution File, Format Version 12.00
Project("{2150E333-8FDC-42A3-9474-1A3956D46DE8}") = "faceis", "faceis", "{B31BADA3-7C1B-4FCC-9A47-4BD6BDCAB926}"
EndProject
Project("{FAE04EC0-301F-11D3-BF4B-00C04F79EFBC}") = "circulo", "circulo\circulo.csproj", "{5CA3E1AB-37C7-4172-ACD6-209E6AB88BFA}"
EndProject
Project("{FAE04EC0-301F-11D3-BF4B-00C04F79EFBC}") = "conta_bancaria", "conta_bancaria\conta_bancaria.csproj", "{2C139552-91DC-47DC-A463-4DFBE6FE06D6}"
EndProject
Project("{FAE04EC0-301F-11D3-BF4B-00C04F79EFBC}") = "pessoa", "pessoa\pessoa.csproj", "{AD705EE8-5B99-4427-BB75-C5E5725321B2}"
EndProject
Project("{FAE04EC0-301F-11D3-BF4B-00C04F79EFBC}") = "retangulo", "retangulo\retangulo.csproj", "{A8119D70-7262-4953-9142-EF3493FE86CB}"
EndProject
Project("{FAE04EC0-301F-11D3-BF4B-00C04F79EFBC}") = "livro", "livro\livro.csproj", "{33A44FAC-495E-48D6-91EF-BD240263474F}"
EndProject
Project("{FAE04EC0-301F-11D3-BF4B-00C04F79EFBC}") = "lampada", "lampada\lampada.csproj", "{173DBFAF-E785-4D74-AA70-3893C3348E87}"
EndProject
Project("{FAE04EC0-301F-11D3-BF4B-00C04F79EFBC}") = "conta_bancaria_dificil", "conta_bancaria_dificil\conta_bancaria_dificil.csproj", "{F750B153-2D4F-4047-A2EB-EBE2F19BD166}"
EndProject
Global
	GlobalSection(SolutionConfigurationPlatforms) = preSolution
		Debug|Any CPU = Debug|Any CPU
		Release|Any CPU = Release|Any CPU
	EndGlobalSection
	GlobalSection(ProjectConfigurationPlatforms) = postSolution
		{5CA3E1AB-37C7-4172-ACD6-209E6AB88BFA}.Debug|Any CPU.ActiveCfg = Debug|Any CPU
		{5CA3E1AB-37C7-4172-ACD6-209E6AB88BFA}.Debug|Any CPU.Build.0 = Debug|Any CPU
		{5CA3E1AB-37C7-4172-ACD6-209E6AB88BFA}.Release|Any CPU.ActiveCfg = Release|Any CPU
		{5CA3E1AB-37C7-4172-ACD6-209E6AB88BFA}.Release|Any CPU.Build.0 = Release|Any CPU
		{2C139552-91DC-47DC-A463-4DFBE6FE06D6}.Debug|Any CPU.ActiveCfg = Debug|Any CPU
		{2C139552-91DC-47DC-A463-4DFBE6FE06D6}.Debug|Any CPU.Build.0 = Debug|Any CPU
		{2C139552-91DC-47DC-A463-4DFBE6FE06D6}.Release|Any CPU.ActiveCfg = Release|Any CPU
		{2C139552-91DC-47DC-A463-4DFBE6FE06D6}.Release|Any CPU.Build.0 = Release|Any CPU
		{AD705EE8-5B99-4427-BB75-C5E5725321B2}.Debug|Any CPU.ActiveCfg = Debug|Any CPU
		{AD705EE8-5B99-4427-BB75-C5E5725321B2}.Debug|Any CPU.Build.0 = Debug|Any CPU
		{AD705EE8-5B99-4427-BB75-C5E5725321B2}.Release|Any CPU.ActiveCfg = Release|Any CPU
		{AD705EE8-5B99-4427-BB75-C5E5725321B2}.Release|Any CPU.Build.0 = Release|Any CPU
		{A8119D70-7262-4953-9142-EF3493FE86CB}.Debug|Any CPU.ActiveCfg = Debug|Any CPU
		{A8119D70-7262-4953-9142-EF3493FE86CB}.Debug|Any CPU.Build.0 = Debug|Any CPU
		{A8119D70-7262-4953-9142-EF3493FE86CB}.Release|Any CPU.ActiveCfg = Release|Any CPU
		{A8119D70-7262-4953-9142-EF3493FE86CB}.Release|Any CPU.Build.0 = Release|Any CPU
		{33A44FAC-495E-48D6-91EF-BD240263474F}.Debug|Any CPU.ActiveCfg = Debug|Any CPU
		{33A44FAC-495E-48D6-91EF-BD240263474F}.Debug|Any CPU.Build.0 = Debug|Any CPU
		{33A44FAC-495E-48D6-91EF-BD240263474F}.Release|Any CPU.ActiveCfg = Release|Any CPU
		{33A44FAC-495E-48D6-91EF-BD240263474F}.Release|Any CPU.Build.0 = Release|Any CPU
		{173DBFAF-E785-4D74-AA70-3893C3348E87}.Debug|Any CPU.ActiveCfg = Debug|Any CPU
		{173DBFAF-E785-4D74-AA70-3893C3348E87}.Debug|Any CPU.Build.0 = Debug|Any CPU
		{173DBFAF-E785-4D74-AA70-3893C3348E87}.Release|Any CPU.ActiveCfg = Release|Any CPU
		{173DBFAF-E785-4D74-AA70-3893C3348E87}.Release|Any CPU.Build.0 = Release|Any CPU
		{F750B153-2D4F-4047-A2EB-EBE2F19BD166}.Debug|Any CPU.ActiveCfg = Debug|Any CPU
		{F750B153-2D4F-4047-A2EB-EBE2F19BD166}.Debug|Any CPU.Build.0 = Debug|Any CPU
		{F750B153-2D4F-4047-A2EB-EBE2F19BD166}.Release|Any CPU.ActiveCfg = Release|Any CPU
		{F750B153-2D4F-4047-A2EB-EBE2F19BD166}.Release|Any CPU.Build.0 = Release|Any CPU
	EndGlobalSection
	GlobalSection(NestedProjects) = preSolution
		{5CA3E1AB-37C7-4172-ACD6-209E6AB88BFA} = {B31BADA3-7C1B-4FCC-9A47-4BD6BDCAB926}
		{2C139552-91DC-47DC-A463-4DFBE6FE06D6} = {B31BADA3-7C1B-4FCC-9A47-4BD6BDCAB926}
		{AD705EE8-5B99-4427-BB75-C5E5725321B2} = {B31BADA3-7C1B-4FCC-9A47-4BD6BDCAB926}
		{A8119D70-7262-4953-9142-EF3493FE86CB} = {B31BADA3-7C1B-4FCC-9A47-4BD6BDCAB926}
		{33A44FAC-495E-48D6-91EF-BD240263474F} = {B31BADA3-7C1B-4FCC-9A47-4BD6BDCAB926}
		{173DBFAF-E785-4D74-AA70-3893C3348E87} = {B31BADA3-7C1B-4FCC-9A47-4BD6BDCAB926}
		{F750B153-2D4F-4047-A2EB-EBE2F19BD166} = {B31BADA3-7C1B-4FCC-9A47-4BD6BDCAB926}
	EndGlobalSection
EndGlobal
